
Microsoft Visual Studio Solution File, Format Version 12.00
# Visual Studio Version 16
VisualStudioVersion = 16.0.33927.289
MinimumVisualStudioVersion = 10.0.40219.1
Project("{FAE04EC0-301F-11D3-BF4B-00C04F79EFBC}") = "MyCaseStudyCode", "MyCaseStudyCode\MyCaseStudyCode.csproj", "{95EFA83B-27B0-4C50-9B0D-0B65C92925A0}"
EndProject
Global
	GlobalSection(SolutionConfigurationPlatforms) = preSolution
		Debug|Any CPU = Debug|Any CPU
		Release|Any CPU = Release|Any CPU
	EndGlobalSection
	GlobalSection(ProjectConfigurationPlatforms) = postSolution
		{95EFA83B-27B0-4C50-9B0D-0B65C92925A0}.Debug|Any CPU.ActiveCfg = Debug|Any CPU
		{95EFA83B-27B0-4C50-9B0D-0B65C92925A0}.Debug|Any CPU.Build.0 = Debug|Any CPU
		{95EFA83B-27B0-4C50-9B0D-0B65C92925A0}.Release|Any CPU.ActiveCfg = Release|Any CPU
		{95EFA83B-27B0-4C50-9B0D-0B65C92925A0}.Release|Any CPU.Build.0 = Release|Any CPU
	EndGlobalSection
	GlobalSection(SolutionProperties) = preSolution
		HideSolutionNode = FALSE
	EndGlobalSection
	GlobalSection(ExtensibilityGlobals) = postSolution
		SolutionGuid = {71CF40BD-F651-439B-A081-3D447EE22822}
	EndGlobalSection
EndGlobal
