
Microsoft Visual Studio Solution File, Format Version 12.00
# Visual Studio Version 16
VisualStudioVersion = 16.0.33927.289
MinimumVisualStudioVersion = 10.0.40219.1
Project("{FAE04EC0-301F-11D3-BF4B-00C04F79EFBC}") = "Assignment_1", "Assignment_1\Assignment_1.csproj", "{21C8884D-0FD5-455E-B9CA-696F76E2E73A}"
EndProject
Global
	GlobalSection(SolutionConfigurationPlatforms) = preSolution
		Debug|Any CPU = Debug|Any CPU
		Release|Any CPU = Release|Any CPU
	EndGlobalSection
	GlobalSection(ProjectConfigurationPlatforms) = postSolution
		{21C8884D-0FD5-455E-B9CA-696F76E2E73A}.Debug|Any CPU.ActiveCfg = Debug|Any CPU
		{21C8884D-0FD5-455E-B9CA-696F76E2E73A}.Debug|Any CPU.Build.0 = Debug|Any CPU
		{21C8884D-0FD5-455E-B9CA-696F76E2E73A}.Release|Any CPU.ActiveCfg = Release|Any CPU
		{21C8884D-0FD5-455E-B9CA-696F76E2E73A}.Release|Any CPU.Build.0 = Release|Any CPU
	EndGlobalSection
	GlobalSection(SolutionProperties) = preSolution
		HideSolutionNode = FALSE
	EndGlobalSection
	GlobalSection(ExtensibilityGlobals) = postSolution
		SolutionGuid = {1C43A27A-06D6-46C0-AE65-7A6DAE0A7723}
	EndGlobalSection
EndGlobal
