
Microsoft Visual Studio Solution File, Format Version 12.00
# Visual Studio Version 16
VisualStudioVersion = 16.0.33927.289
MinimumVisualStudioVersion = 10.0.40219.1
Project("{FAE04EC0-301F-11D3-BF4B-00C04F79EFBC}") = "question1", "question1\question1.csproj", "{B0BBEE11-BC65-4DA6-B54F-65CDD8ADF47C}"
EndProject
Global
	GlobalSection(SolutionConfigurationPlatforms) = preSolution
		Debug|Any CPU = Debug|Any CPU
		Release|Any CPU = Release|Any CPU
	EndGlobalSection
	GlobalSection(ProjectConfigurationPlatforms) = postSolution
		{B0BBEE11-BC65-4DA6-B54F-65CDD8ADF47C}.Debug|Any CPU.ActiveCfg = Debug|Any CPU
		{B0BBEE11-BC65-4DA6-B54F-65CDD8ADF47C}.Debug|Any CPU.Build.0 = Debug|Any CPU
		{B0BBEE11-BC65-4DA6-B54F-65CDD8ADF47C}.Release|Any CPU.ActiveCfg = Release|Any CPU
		{B0BBEE11-BC65-4DA6-B54F-65CDD8ADF47C}.Release|Any CPU.Build.0 = Release|Any CPU
	EndGlobalSection
	GlobalSection(SolutionProperties) = preSolution
		HideSolutionNode = FALSE
	EndGlobalSection
	GlobalSection(ExtensibilityGlobals) = postSolution
		SolutionGuid = {21544D19-B9F6-4F3D-81E6-44D8798C0BE5}
	EndGlobalSection
EndGlobal
