
Microsoft Visual Studio Solution File, Format Version 12.00
# Visual Studio Version 16
VisualStudioVersion = 16.0.33927.289
MinimumVisualStudioVersion = 10.0.40219.1
Project("{FAE04EC0-301F-11D3-BF4B-00C04F79EFBC}") = "Assignment_08", "Assignment_08\Assignment_08.csproj", "{B8AC5107-729C-488F-94A7-B607F7049973}"
EndProject
Global
	GlobalSection(SolutionConfigurationPlatforms) = preSolution
		Debug|Any CPU = Debug|Any CPU
		Release|Any CPU = Release|Any CPU
	EndGlobalSection
	GlobalSection(ProjectConfigurationPlatforms) = postSolution
		{B8AC5107-729C-488F-94A7-B607F7049973}.Debug|Any CPU.ActiveCfg = Debug|Any CPU
		{B8AC5107-729C-488F-94A7-B607F7049973}.Debug|Any CPU.Build.0 = Debug|Any CPU
		{B8AC5107-729C-488F-94A7-B607F7049973}.Release|Any CPU.ActiveCfg = Release|Any CPU
		{B8AC5107-729C-488F-94A7-B607F7049973}.Release|Any CPU.Build.0 = Release|Any CPU
	EndGlobalSection
	GlobalSection(SolutionProperties) = preSolution
		HideSolutionNode = FALSE
	EndGlobalSection
	GlobalSection(ExtensibilityGlobals) = postSolution
		SolutionGuid = {E9863610-D30B-4698-9C17-457E7D2D4A60}
	EndGlobalSection
EndGlobal
