
Microsoft Visual Studio Solution File, Format Version 12.00
# Visual Studio Version 16
VisualStudioVersion = 16.0.33927.289
MinimumVisualStudioVersion = 10.0.40219.1
Project("{FAE04EC0-301F-11D3-BF4B-00C04F79EFBC}") = "Assignment_01", "Assignment_01\Assignment_01.csproj", "{B85C3510-15FB-4F83-90EE-19C47072F50B}"
EndProject
Global
	GlobalSection(SolutionConfigurationPlatforms) = preSolution
		Debug|Any CPU = Debug|Any CPU
		Release|Any CPU = Release|Any CPU
	EndGlobalSection
	GlobalSection(ProjectConfigurationPlatforms) = postSolution
		{B85C3510-15FB-4F83-90EE-19C47072F50B}.Debug|Any CPU.ActiveCfg = Debug|Any CPU
		{B85C3510-15FB-4F83-90EE-19C47072F50B}.Debug|Any CPU.Build.0 = Debug|Any CPU
		{B85C3510-15FB-4F83-90EE-19C47072F50B}.Release|Any CPU.ActiveCfg = Release|Any CPU
		{B85C3510-15FB-4F83-90EE-19C47072F50B}.Release|Any CPU.Build.0 = Release|Any CPU
	EndGlobalSection
	GlobalSection(SolutionProperties) = preSolution
		HideSolutionNode = FALSE
	EndGlobalSection
	GlobalSection(ExtensibilityGlobals) = postSolution
		SolutionGuid = {9D3ED8CC-22CD-4055-8E85-467EE1A1972F}
	EndGlobalSection
EndGlobal
