
Microsoft Visual Studio Solution File, Format Version 12.00
# Visual Studio Version 16
VisualStudioVersion = 16.0.33927.289
MinimumVisualStudioVersion = 10.0.40219.1
Project("{FAE04EC0-301F-11D3-BF4B-00C04F79EFBC}") = "Test_3", "Test_3\Test_3.csproj", "{25127DB6-BBCA-4A30-B260-27E4E898C310}"
EndProject
Global
	GlobalSection(SolutionConfigurationPlatforms) = preSolution
		Debug|Any CPU = Debug|Any CPU
		Release|Any CPU = Release|Any CPU
	EndGlobalSection
	GlobalSection(ProjectConfigurationPlatforms) = postSolution
		{25127DB6-BBCA-4A30-B260-27E4E898C310}.Debug|Any CPU.ActiveCfg = Debug|Any CPU
		{25127DB6-BBCA-4A30-B260-27E4E898C310}.Debug|Any CPU.Build.0 = Debug|Any CPU
		{25127DB6-BBCA-4A30-B260-27E4E898C310}.Release|Any CPU.ActiveCfg = Release|Any CPU
		{25127DB6-BBCA-4A30-B260-27E4E898C310}.Release|Any CPU.Build.0 = Release|Any CPU
	EndGlobalSection
	GlobalSection(SolutionProperties) = preSolution
		HideSolutionNode = FALSE
	EndGlobalSection
	GlobalSection(ExtensibilityGlobals) = postSolution
		SolutionGuid = {353B5FA6-4EBF-41A1-88E8-EE1A2E7F459D}
	EndGlobalSection
EndGlobal
