
Microsoft Visual Studio Solution File, Format Version 12.00
# Visual Studio Version 16
VisualStudioVersion = 16.0.33927.289
MinimumVisualStudioVersion = 10.0.40219.1
Project("{FAE04EC0-301F-11D3-BF4B-00C04F79EFBC}") = "Assignment_06", "Assignment_06\Assignment_06.csproj", "{7A9B442C-3893-445D-82B2-434175CD287D}"
EndProject
Global
	GlobalSection(SolutionConfigurationPlatforms) = preSolution
		Debug|Any CPU = Debug|Any CPU
		Release|Any CPU = Release|Any CPU
	EndGlobalSection
	GlobalSection(ProjectConfigurationPlatforms) = postSolution
		{7A9B442C-3893-445D-82B2-434175CD287D}.Debug|Any CPU.ActiveCfg = Debug|Any CPU
		{7A9B442C-3893-445D-82B2-434175CD287D}.Debug|Any CPU.Build.0 = Debug|Any CPU
		{7A9B442C-3893-445D-82B2-434175CD287D}.Release|Any CPU.ActiveCfg = Release|Any CPU
		{7A9B442C-3893-445D-82B2-434175CD287D}.Release|Any CPU.Build.0 = Release|Any CPU
	EndGlobalSection
	GlobalSection(SolutionProperties) = preSolution
		HideSolutionNode = FALSE
	EndGlobalSection
	GlobalSection(ExtensibilityGlobals) = postSolution
		SolutionGuid = {8B0552C7-4007-4752-B2E5-2DF620BB5021}
	EndGlobalSection
EndGlobal
